
Microsoft Visual Studio Solution File, Format Version 12.00
# Visual Studio Version 17
VisualStudioVersion = 17.7.34031.279
MinimumVisualStudioVersion = 10.0.40219.1
Project("{FAE04EC0-301F-11D3-BF4B-00C04F79EFBC}") = "Kuis13Yanti", "Kuis13Yanti\Kuis13Yanti.csproj", "{0DD8026C-10CD-4D4B-B295-B842769DE6E2}"
EndProject
Global
	GlobalSection(SolutionConfigurationPlatforms) = preSolution
		Debug|Any CPU = Debug|Any CPU
		Release|Any CPU = Release|Any CPU
	EndGlobalSection
	GlobalSection(ProjectConfigurationPlatforms) = postSolution
		{0DD8026C-10CD-4D4B-B295-B842769DE6E2}.Debug|Any CPU.ActiveCfg = Debug|Any CPU
		{0DD8026C-10CD-4D4B-B295-B842769DE6E2}.Debug|Any CPU.Build.0 = Debug|Any CPU
		{0DD8026C-10CD-4D4B-B295-B842769DE6E2}.Release|Any CPU.ActiveCfg = Release|Any CPU
		{0DD8026C-10CD-4D4B-B295-B842769DE6E2}.Release|Any CPU.Build.0 = Release|Any CPU
	EndGlobalSection
	GlobalSection(SolutionProperties) = preSolution
		HideSolutionNode = FALSE
	EndGlobalSection
	GlobalSection(ExtensibilityGlobals) = postSolution
		SolutionGuid = {EFA352A3-CE11-487E-B791-638C3109B352}
	EndGlobalSection
EndGlobal
